// !$*UTF8*$!
{
	archiveVersion = 1;
	classes = {
	};
	objectVersion = 50;
	objects = {

/* Begin PBXBuildFile section */
		02DF88392568162F003E755C /* WDI2020_SmartAquariumApp.swift in Sources */ = {isa = PBXBuildFile; fileRef = 02DF88382568162F003E755C /* WDI2020_SmartAquariumApp.swift */; };
		02DF883B2568162F003E755C /* ContentView.swift in Sources */ = {isa = PBXBuildFile; fileRef = 02DF883A2568162F003E755C /* ContentView.swift */; };
		02DF883D25681631003E755C /* Assets.xcassets in Resources */ = {isa = PBXBuildFile; fileRef = 02DF883C25681631003E755C /* Assets.xcassets */; };
		02DF884025681631003E755C /* Preview Assets.xcassets in Resources */ = {isa = PBXBuildFile; fileRef = 02DF883F25681631003E755C /* Preview Assets.xcassets */; };
		E787B9406516DBDE4D723244 /* Pods_WDI2020_SmartAquarium.framework in Frameworks */ = {isa = PBXBuildFile; fileRef = 7EDE9A8F054B67EF5D69C52E /* Pods_WDI2020_SmartAquarium.framework */; };
/* End PBXBuildFile section */

/* Begin PBXFileReference section */
		02DF88352568162F003E755C /* WDI2020-SmartAquarium.app */ = {isa = PBXFileReference; explicitFileType = wrapper.application; includeInIndex = 0; path = "WDI2020-SmartAquarium.app"; sourceTree = BUILT_PRODUCTS_DIR; };
		02DF88382568162F003E755C /* WDI2020_SmartAquariumApp.swift */ = {isa = PBXFileReference; lastKnownFileType = sourcecode.swift; path = WDI2020_SmartAquariumApp.swift; sourceTree = "<group>"; };
		02DF883A2568162F003E755C /* ContentView.swift */ = {isa = PBXFileReference; lastKnownFileType = sourcecode.swift; path = ContentView.swift; sourceTree = "<group>"; };
		02DF883C25681631003E755C /* Assets.xcassets */ = {isa = PBXFileReference; lastKnownFileType = folder.assetcatalog; path = Assets.xcassets; sourceTree = "<group>"; };
		02DF883F25681631003E755C /* Preview Assets.xcassets */ = {isa = PBXFileReference; lastKnownFileType = folder.assetcatalog; path = "Preview Assets.xcassets"; sourceTree = "<group>"; };
		02DF884125681631003E755C /* Info.plist */ = {isa = PBXFileReference; lastKnownFileType = text.plist.xml; path = Info.plist; sourceTree = "<group>"; };
		7EDE9A8F054B67EF5D69C52E /* Pods_WDI2020_SmartAquarium.framework */ = {isa = PBXFileReference; explicitFileType = wrapper.framework; includeInIndex = 0; path = Pods_WDI2020_SmartAquarium.framework; sourceTree = BUILT_PRODUCTS_DIR; };
		970CF3DDA9D5106784FD9976 /* Pods-WDI2020-SmartAquarium.release.xcconfig */ = {isa = PBXFileReference; includeInIndex = 1; lastKnownFileType = text.xcconfig; name = "Pods-WDI2020-SmartAquarium.release.xcconfig"; path = "Target Support Files/Pods-WDI2020-SmartAquarium/Pods-WDI2020-SmartAquarium.release.xcconfig"; sourceTree = "<group>"; };
		E7583E169E60FC9FF6CB8DC2 /* Pods-WDI2020-SmartAquarium.debug.xcconfig */ = {isa = PBXFileReference; includeInIndex = 1; lastKnownFileType = text.xcconfig; name = "Pods-WDI2020-SmartAquarium.debug.xcconfig"; path = "Target Support Files/Pods-WDI2020-SmartAquarium/Pods-WDI2020-SmartAquarium.debug.xcconfig"; sourceTree = "<group>"; };
/* End PBXFileReference section */

/* Begin PBXFrameworksBuildPhase section */
		02DF88322568162F003E755C /* Frameworks */ = {
			isa = PBXFrameworksBuildPhase;
			buildActionMask = 2147483647;
			files = (
				E787B9406516DBDE4D723244 /* Pods_WDI2020_SmartAquarium.framework in Frameworks */,
			);
			runOnlyForDeploymentPostprocessing = 0;
		};
/* End PBXFrameworksBuildPhase section */

/* Begin PBXGroup section */
		02DF882C2568162F003E755C = {
			isa = PBXGroup;
			children = (
				02DF88372568162F003E755C /* WDI2020-SmartAquarium */,
				02DF88362568162F003E755C /* Products */,
				0E8E2238508D2DAAA02DF1C2 /* Pods */,
				7492A46A76B622016616F0FA /* Frameworks */,
			);
			sourceTree = "<group>";
		};
		02DF88362568162F003E755C /* Products */ = {
			isa = PBXGroup;
			children = (
				02DF88352568162F003E755C /* WDI2020-SmartAquarium.app */,
			);
			name = Products;
			sourceTree = "<group>";
		};
		02DF88372568162F003E755C /* WDI2020-SmartAquarium */ = {
			isa = PBXGroup;
			children = (
				02DF88382568162F003E755C /* WDI2020_SmartAquariumApp.swift */,
				02DF883A2568162F003E755C /* ContentView.swift */,
				02DF883C25681631003E755C /* Assets.xcassets */,
				02DF884125681631003E755C /* Info.plist */,
				02DF883E25681631003E755C /* Preview Content */,
			);
			path = "WDI2020-SmartAquarium";
			sourceTree = "<group>";
		};
		02DF883E25681631003E755C /* Preview Content */ = {
			isa = PBXGroup;
			children = (
				02DF883F25681631003E755C /* Preview Assets.xcassets */,
			);
			path = "Preview Content";
			sourceTree = "<group>";
		};
		0E8E2238508D2DAAA02DF1C2 /* Pods */ = {
			isa = PBXGroup;
			children = (
				E7583E169E60FC9FF6CB8DC2 /* Pods-WDI2020-SmartAquarium.debug.xcconfig */,
				970CF3DDA9D5106784FD9976 /* Pods-WDI2020-SmartAquarium.release.xcconfig */,
			);
			name = Pods;
			path = Pods;
			sourceTree = "<group>";
		};
		7492A46A76B622016616F0FA /* Frameworks */ = {
			isa = PBXGroup;
			children = (
				7EDE9A8F054B67EF5D69C52E /* Pods_WDI2020_SmartAquarium.framework */,
			);
			name = Frameworks;
			sourceTree = "<group>";
		};
/* End PBXGroup section */

/* Begin PBXNativeTarget section */
		02DF88342568162F003E755C /* WDI2020-SmartAquarium */ = {
			isa = PBXNativeTarget;
			buildConfigurationList = 02DF884425681631003E755C /* Build configuration list for PBXNativeTarget "WDI2020-SmartAquarium" */;
			buildPhases = (
				26C36620D2B47F3441F00277 /* [CP] Check Pods Manifest.lock */,
				02DF88312568162F003E755C /* Sources */,
				02DF88322568162F003E755C /* Frameworks */,
				02DF88332568162F003E755C /* Resources */,
				B0032A98DD521E49B38EDD4C /* [CP] Embed Pods Frameworks */,
			);
			buildRules = (
			);
			dependencies = (
			);
			name = "WDI2020-SmartAquarium";
			productName = "WDI2020-SmartAquarium";
			productReference = 02DF88352568162F003E755C /* WDI2020-SmartAquarium.app */;
			productType = "com.apple.product-type.application";
		};
/* End PBXNativeTarget section */

/* Begin PBXProject section */
		02DF882D2568162F003E755C /* Project object */ = {
			isa = PBXProject;
			attributes = {
				LastSwiftUpdateCheck = 1220;
				LastUpgradeCheck = 1220;
				TargetAttributes = {
					02DF88342568162F003E755C = {
						CreatedOnToolsVersion = 12.2;
					};
				};
			};
			buildConfigurationList = 02DF88302568162F003E755C /* Build configuration list for PBXProject "WDI2020-SmartAquarium" */;
			compatibilityVersion = "Xcode 9.3";
			developmentRegion = en;
			hasScannedForEncodings = 0;
			knownRegions = (
				en,
				Base,
			);
			mainGroup = 02DF882C2568162F003E755C;
			productRefGroup = 02DF88362568162F003E755C /* Products */;
			projectDirPath = "";
			projectRoot = "";
			targets = (
				02DF88342568162F003E755C /* WDI2020-SmartAquarium */,
			);
		};
/* End PBXProject section */

/* Begin PBXResourcesBuildPhase section */
		02DF88332568162F003E755C /* Resources */ = {
			isa = PBXResourcesBuildPhase;
			buildActionMask = 2147483647;
			files = (
				02DF884025681631003E755C /* Preview Assets.xcassets in Resources */,
				02DF883D25681631003E755C /* Assets.xcassets in Resources */,
			);
			runOnlyForDeploymentPostprocessing = 0;
		};
/* End PBXResourcesBuildPhase section */

/* Begin PBXShellScriptBuildPhase section */
		26C36620D2B47F3441F00277 /* [CP] Check Pods Manifest.lock */ = {
			isa = PBXShellScriptBuildPhase;
			buildActionMask = 2147483647;
			files = (
			);
			inputFileListPaths = (
			);
			inputPaths = (
				"${PODS_PODFILE_DIR_PATH}/Podfile.lock",
				"${PODS_ROOT}/Manifest.lock",
			);
			name = "[CP] Check Pods Manifest.lock";
			outputFileListPaths = (
			);
			outputPaths = (
				"$(DERIVED_FILE_DIR)/Pods-WDI2020-SmartAquarium-checkManifestLockResult.txt",
			);
			runOnlyForDeploymentPostprocessing = 0;
			shellPath = /bin/sh;
			shellScript = "diff \"${PODS_PODFILE_DIR_PATH}/Podfile.lock\" \"${PODS_ROOT}/Manifest.lock\" > /dev/null\nif [ $? != 0 ] ; then\n    # print error to STDERR\n    echo \"error: The sandbox is not in sync with the Podfile.lock. Run 'pod install' or update your CocoaPods installation.\" >&2\n    exit 1\nfi\n# This output is used by Xcode 'outputs' to avoid re-running this script phase.\necho \"SUCCESS\" > \"${SCRIPT_OUTPUT_FILE_0}\"\n";
			showEnvVarsInLog = 0;
		};
		B0032A98DD521E49B38EDD4C /* [CP] Embed Pods Frameworks */ = {
			isa = PBXShellScriptBuildPhase;
			buildActionMask = 2147483647;
			files = (
			);
			inputFileListPaths = (
				"${PODS_ROOT}/Target Support Files/Pods-WDI2020-SmartAquarium/Pods-WDI2020-SmartAquarium-frameworks-${CONFIGURATION}-input-files.xcfilelist",
			);
			name = "[CP] Embed Pods Frameworks";
			outputFileListPaths = (
				"${PODS_ROOT}/Target Support Files/Pods-WDI2020-SmartAquarium/Pods-WDI2020-SmartAquarium-frameworks-${CONFIGURATION}-output-files.xcfilelist",
			);
			runOnlyForDeploymentPostprocessing = 0;
			shellPath = /bin/sh;
			shellScript = "\"${PODS_ROOT}/Target Support Files/Pods-WDI2020-SmartAquarium/Pods-WDI2020-SmartAquarium-frameworks.sh\"\n";
			showEnvVarsInLog = 0;
		};
/* End PBXShellScriptBuildPhase section */

/* Begin PBXSourcesBuildPhase section */
		02DF88312568162F003E755C /* Sources */ = {
			isa = PBXSourcesBuildPhase;
			buildActionMask = 2147483647;
			files = (
				02DF883B2568162F003E755C /* ContentView.swift in Sources */,
				02DF88392568162F003E755C /* WDI2020_SmartAquariumApp.swift in Sources */,
			);
			runOnlyForDeploymentPostprocessing = 0;
		};
/* End PBXSourcesBuildPhase section */

/* Begin XCBuildConfiguration section */
		02DF884225681631003E755C /* Debug */ = {
			isa = XCBuildConfiguration;
			buildSettings = {
				ALWAYS_SEARCH_USER_PATHS = NO;
				CLANG_ANALYZER_NONNULL = YES;
				CLANG_ANALYZER_NUMBER_OBJECT_CONVERSION = YES_AGGRESSIVE;
				CLANG_CXX_LANGUAGE_STANDARD = "gnu++14";
				CLANG_CXX_LIBRARY = "libc++";
				CLANG_ENABLE_MODULES = YES;
				CLANG_ENABLE_OBJC_ARC = YES;
				CLANG_ENABLE_OBJC_WEAK = YES;
				CLANG_WARN_BLOCK_CAPTURE_AUTORELEASING = YES;
				CLANG_WARN_BOOL_CONVERSION = YES;
				CLANG_WARN_COMMA = YES;
				CLANG_WARN_CONSTANT_CONVERSION = YES;
				CLANG_WARN_DEPRECATED_OBJC_IMPLEMENTATIONS = YES;
				CLANG_WARN_DIRECT_OBJC_ISA_USAGE = YES_ERROR;
				CLANG_WARN_DOCUMENTATION_COMMENTS = YES;
				CLANG_WARN_EMPTY_BODY = YES;
				CLANG_WARN_ENUM_CONVERSION = YES;
				CLANG_WARN_INFINITE_RECURSION = YES;
				CLANG_WARN_INT_CONVERSION = YES;
				CLANG_WARN_NON_LITERAL_NULL_CONVERSION = YES;
				CLANG_WARN_OBJC_IMPLICIT_RETAIN_SELF = YES;
				CLANG_WARN_OBJC_LITERAL_CONVERSION = YES;
				CLANG_WARN_OBJC_ROOT_CLASS = YES_ERROR;
				CLANG_WARN_QUOTED_INCLUDE_IN_FRAMEWORK_HEADER = YES;
				CLANG_WARN_RANGE_LOOP_ANALYSIS = YES;
				CLANG_WARN_STRICT_PROTOTYPES = YES;
				CLANG_WARN_SUSPICIOUS_MOVE = YES;
				CLANG_WARN_UNGUARDED_AVAILABILITY = YES_AGGRESSIVE;
				CLANG_WARN_UNREACHABLE_CODE = YES;
				CLANG_WARN__DUPLICATE_METHOD_MATCH = YES;
				COPY_PHASE_STRIP = NO;
				DEBUG_INFORMATION_FORMAT = dwarf;
				ENABLE_STRICT_OBJC_MSGSEND = YES;
				ENABLE_TESTABILITY = YES;
				GCC_C_LANGUAGE_STANDARD = gnu11;
				GCC_DYNAMIC_NO_PIC = NO;
				GCC_NO_COMMON_BLOCKS = YES;
				GCC_OPTIMIZATION_LEVEL = 0;
				GCC_PREPROCESSOR_DEFINITIONS = (
					"DEBUG=1",
					"$(inherited)",
				);
				GCC_WARN_64_TO_32_BIT_CONVERSION = YES;
				GCC_WARN_ABOUT_RETURN_TYPE = YES_ERROR;
				GCC_WARN_UNDECLARED_SELECTOR = YES;
				GCC_WARN_UNINITIALIZED_AUTOS = YES_AGGRESSIVE;
				GCC_WARN_UNUSED_FUNCTION = YES;
				GCC_WARN_UNUSED_VARIABLE = YES;
				IPHONEOS_DEPLOYMENT_TARGET = 14.2;
				MTL_ENABLE_DEBUG_INFO = INCLUDE_SOURCE;
				MTL_FAST_MATH = YES;
				ONLY_ACTIVE_ARCH = YES;
				SDKROOT = iphoneos;
				SWIFT_ACTIVE_COMPILATION_CONDITIONS = DEBUG;
				SWIFT_OPTIMIZATION_LEVEL = "-Onone";
			};
			name = Debug;
		};
		02DF884325681631003E755C /* Release */ = {
			isa = XCBuildConfiguration;
			buildSettings = {
				ALWAYS_SEARCH_USER_PATHS = NO;
				CLANG_ANALYZER_NONNULL = YES;
				CLANG_ANALYZER_NUMBER_OBJECT_CONVERSION = YES_AGGRESSIVE;
				CLANG_CXX_LANGUAGE_STANDARD = "gnu++14";
				CLANG_CXX_LIBRARY = "libc++";
				CLANG_ENABLE_MODULES = YES;
				CLANG_ENABLE_OBJC_ARC = YES;
				CLANG_ENABLE_OBJC_WEAK = YES;
				CLANG_WARN_BLOCK_CAPTURE_AUTORELEASING = YES;
				CLANG_WARN_BOOL_CONVERSION = YES;
				CLANG_WARN_COMMA = YES;
				CLANG_WARN_CONSTANT_CONVERSION = YES;
				CLANG_WARN_DEPRECATED_OBJC_IMPLEMENTATIONS = YES;
				CLANG_WARN_DIRECT_OBJC_ISA_USAGE = YES_ERROR;
				CLANG_WARN_DOCUMENTATION_COMMENTS = YES;
				CLANG_WARN_EMPTY_BODY = YES;
				CLANG_WARN_ENUM_CONVERSION = YES;
				CLANG_WARN_INFINITE_RECURSION = YES;
				CLANG_WARN_INT_CONVERSION = YES;
				CLANG_WARN_NON_LITERAL_NULL_CONVERSION = YES;
				CLANG_WARN_OBJC_IMPLICIT_RETAIN_SELF = YES;
				CLANG_WARN_OBJC_LITERAL_CONVERSION = YES;
				CLANG_WARN_OBJC_ROOT_CLASS = YES_ERROR;
				CLANG_WARN_QUOTED_INCLUDE_IN_FRAMEWORK_HEADER = YES;
				CLANG_WARN_RANGE_LOOP_ANALYSIS = YES;
				CLANG_WARN_STRICT_PROTOTYPES = YES;
				CLANG_WARN_SUSPICIOUS_MOVE = YES;
				CLANG_WARN_UNGUARDED_AVAILABILITY = YES_AGGRESSIVE;
				CLANG_WARN_UNREACHABLE_CODE = YES;
				CLANG_WARN__DUPLICATE_METHOD_MATCH = YES;
				COPY_PHASE_STRIP = NO;
				DEBUG_INFORMATION_FORMAT = "dwarf-with-dsym";
				ENABLE_NS_ASSERTIONS = NO;
				ENABLE_STRICT_OBJC_MSGSEND = YES;
				GCC_C_LANGUAGE_STANDARD = gnu11;
				GCC_NO_COMMON_BLOCKS = YES;
				GCC_WARN_64_TO_32_BIT_CONVERSION = YES;
				GCC_WARN_ABOUT_RETURN_TYPE = YES_ERROR;
				GCC_WARN_UNDECLARED_SELECTOR = YES;
				GCC_WARN_UNINITIALIZED_AUTOS = YES_AGGRESSIVE;
				GCC_WARN_UNUSED_FUNCTION = YES;
				GCC_WARN_UNUSED_VARIABLE = YES;
				IPHONEOS_DEPLOYMENT_TARGET = 14.2;
				MTL_ENABLE_DEBUG_INFO = NO;
				MTL_FAST_MATH = YES;
				SDKROOT = iphoneos;
				SWIFT_COMPILATION_MODE = wholemodule;
				SWIFT_OPTIMIZATION_LEVEL = "-O";
				VALIDATE_PRODUCT = YES;
			};
			name = Release;
		};
		02DF884525681631003E755C /* Debug */ = {
			isa = XCBuildConfiguration;
			baseConfigurationReference = E7583E169E60FC9FF6CB8DC2 /* Pods-WDI2020-SmartAquarium.debug.xcconfig */;
			buildSettings = {
				ASSETCATALOG_COMPILER_APPICON_NAME = AppIcon;
				ASSETCATALOG_COMPILER_GLOBAL_ACCENT_COLOR_NAME = AccentColor;
				CODE_SIGN_STYLE = Automatic;
				DEVELOPMENT_ASSET_PATHS = "\"WDI2020-SmartAquarium/Preview Content\"";
				DEVELOPMENT_TEAM = 95URABQT8F;
				ENABLE_PREVIEWS = YES;
				INFOPLIST_FILE = "WDI2020-SmartAquarium/Info.plist";
				IPHONEOS_DEPLOYMENT_TARGET = 14.0;
				LD_RUNPATH_SEARCH_PATHS = (
					"$(inherited)",
					"@executable_path/Frameworks",
				);
				PRODUCT_BUNDLE_IDENTIFIER = "com.sumatosystems.WDI2020-SmartAquarium";
				PRODUCT_NAME = "$(TARGET_NAME)";
				SWIFT_VERSION = 5.0;
				TARGETED_DEVICE_FAMILY = "1,2";
			};
			name = Debug;
		};
		02DF884625681631003E755C /* Release */ = {
			isa = XCBuildConfiguration;
			baseConfigurationReference = 970CF3DDA9D5106784FD9976 /* Pods-WDI2020-SmartAquarium.release.xcconfig */;
			buildSettings = {
				ASSETCATALOG_COMPILER_APPICON_NAME = AppIcon;
				ASSETCATALOG_COMPILER_GLOBAL_ACCENT_COLOR_NAME = AccentColor;
				CODE_SIGN_STYLE = Automatic;
				DEVELOPMENT_ASSET_PATHS = "\"WDI2020-SmartAquarium/Preview Content\"";
				DEVELOPMENT_TEAM = 95URABQT8F;
				ENABLE_PREVIEWS = YES;
				INFOPLIST_FILE = "WDI2020-SmartAquarium/Info.plist";
				IPHONEOS_DEPLOYMENT_TARGET = 14.0;
				LD_RUNPATH_SEARCH_PATHS = (
					"$(inherited)",
					"@executable_path/Frameworks",
				);
				PRODUCT_BUNDLE_IDENTIFIER = "com.sumatosystems.WDI2020-SmartAquarium";
				PRODUCT_NAME = "$(TARGET_NAME)";
				SWIFT_VERSION = 5.0;
				TARGETED_DEVICE_FAMILY = "1,2";
			};
			name = Release;
		};
/* End XCBuildConfiguration section */

/* Begin XCConfigurationList section */
		02DF88302568162F003E755C /* Build configuration list for PBXProject "WDI2020-SmartAquarium" */ = {
			isa = XCConfigurationList;
			buildConfigurations = (
				02DF884225681631003E755C /* Debug */,
				02DF884325681631003E755C /* Release */,
			);
			defaultConfigurationIsVisible = 0;
			defaultConfigurationName = Release;
		};
		02DF884425681631003E755C /* Build configuration list for PBXNativeTarget "WDI2020-SmartAquarium" */ = {
			isa = XCConfigurationList;
			buildConfigurations = (
				02DF884525681631003E755C /* Debug */,
				02DF884625681631003E755C /* Release */,
			);
			defaultConfigurationIsVisible = 0;
			defaultConfigurationName = Release;
		};
/* End XCConfigurationList section */
	};
	rootObject = 02DF882D2568162F003E755C /* Project object */;
}
